
Microsoft Visual Studio Solution File, Format Version 12.00
# Visual Studio 2012
Project("{FAE04EC0-301F-11D3-BF4B-00C04F79EFBC}") = "GQSLab.WindowsForms", "GQSLab.WindowsForms\GQSLab.WindowsForms.csproj", "{D77685EB-3A4B-4097-8B43-9DB8AD32580D}"
EndProject
Project("{FAE04EC0-301F-11D3-BF4B-00C04F79EFBC}") = "GQSLab.Model", "GQSLab.Model\GQSLab.Model.csproj", "{8A6C32B3-20A9-431C-A8A2-8EAF4A5C7F7B}"
EndProject
Project("{FAE04EC0-301F-11D3-BF4B-00C04F79EFBC}") = "GQSLab.Entity", "GQSLab.Entity\GQSLab.Entity.csproj", "{2F9BD24C-B46A-4BE7-92F2-32F948081AF8}"
EndProject
Project("{FAE04EC0-301F-11D3-BF4B-00C04F79EFBC}") = "GQSLab.Console", "GQSLab.Console\GQSLab.Console.csproj", "{76A0920E-5204-4D09-A5F9-458D77A701FB}"
EndProject
Project("{2150E333-8FDC-42A3-9474-1A3956D46DE8}") = "Tests", "Tests", "{DBACAD31-EA42-4914-804C-B5CA4704023C}"
EndProject
Project("{FAE04EC0-301F-11D3-BF4B-00C04F79EFBC}") = "GQSLab.Tests", "GQSLab.Tests\GQSLab.Tests.csproj", "{F2283304-718D-4D9D-900F-1CE8B84C62B6}"
EndProject
Global
	GlobalSection(SolutionConfigurationPlatforms) = preSolution
		Debug|Any CPU = Debug|Any CPU
		Release|Any CPU = Release|Any CPU
	EndGlobalSection
	GlobalSection(ProjectConfigurationPlatforms) = postSolution
		{D77685EB-3A4B-4097-8B43-9DB8AD32580D}.Debug|Any CPU.ActiveCfg = Debug|Any CPU
		{D77685EB-3A4B-4097-8B43-9DB8AD32580D}.Debug|Any CPU.Build.0 = Debug|Any CPU
		{D77685EB-3A4B-4097-8B43-9DB8AD32580D}.Release|Any CPU.ActiveCfg = Release|Any CPU
		{D77685EB-3A4B-4097-8B43-9DB8AD32580D}.Release|Any CPU.Build.0 = Release|Any CPU
		{8A6C32B3-20A9-431C-A8A2-8EAF4A5C7F7B}.Debug|Any CPU.ActiveCfg = Debug|Any CPU
		{8A6C32B3-20A9-431C-A8A2-8EAF4A5C7F7B}.Debug|Any CPU.Build.0 = Debug|Any CPU
		{8A6C32B3-20A9-431C-A8A2-8EAF4A5C7F7B}.Release|Any CPU.ActiveCfg = Release|Any CPU
		{8A6C32B3-20A9-431C-A8A2-8EAF4A5C7F7B}.Release|Any CPU.Build.0 = Release|Any CPU
		{2F9BD24C-B46A-4BE7-92F2-32F948081AF8}.Debug|Any CPU.ActiveCfg = Debug|Any CPU
		{2F9BD24C-B46A-4BE7-92F2-32F948081AF8}.Debug|Any CPU.Build.0 = Debug|Any CPU
		{2F9BD24C-B46A-4BE7-92F2-32F948081AF8}.Release|Any CPU.ActiveCfg = Release|Any CPU
		{2F9BD24C-B46A-4BE7-92F2-32F948081AF8}.Release|Any CPU.Build.0 = Release|Any CPU
		{76A0920E-5204-4D09-A5F9-458D77A701FB}.Debug|Any CPU.ActiveCfg = Debug|Any CPU
		{76A0920E-5204-4D09-A5F9-458D77A701FB}.Debug|Any CPU.Build.0 = Debug|Any CPU
		{76A0920E-5204-4D09-A5F9-458D77A701FB}.Release|Any CPU.ActiveCfg = Release|Any CPU
		{76A0920E-5204-4D09-A5F9-458D77A701FB}.Release|Any CPU.Build.0 = Release|Any CPU
		{F2283304-718D-4D9D-900F-1CE8B84C62B6}.Debug|Any CPU.ActiveCfg = Debug|Any CPU
		{F2283304-718D-4D9D-900F-1CE8B84C62B6}.Debug|Any CPU.Build.0 = Debug|Any CPU
		{F2283304-718D-4D9D-900F-1CE8B84C62B6}.Release|Any CPU.ActiveCfg = Release|Any CPU
		{F2283304-718D-4D9D-900F-1CE8B84C62B6}.Release|Any CPU.Build.0 = Release|Any CPU
	EndGlobalSection
	GlobalSection(SolutionProperties) = preSolution
		HideSolutionNode = FALSE
	EndGlobalSection
	GlobalSection(NestedProjects) = preSolution
		{F2283304-718D-4D9D-900F-1CE8B84C62B6} = {DBACAD31-EA42-4914-804C-B5CA4704023C}
	EndGlobalSection
EndGlobal
